github.com/aws/aws-sdk-go-v2 v1.37.1 h1:SMUxeNz3Z6nqGsXv0JuJXc8w5YMtrQMuIBmDx//bBDY=
github.com/aws/aws-sdk-go-v2 v1.37.1/go.mod h1:9Q0OoGQoboYIAJyslFyF1f5K1Ryddop8gqMhWx/n4Wg=
github.com/aws/aws-sdk-go-v2/aws/protocol/eventstream v1.7.0 h1:6GMWV6CNpA/6fbFHnoAjrv4+LGfyTqZz2LtCHnspgDg=
github.com/aws/aws-sdk-go-v2/aws/protocol/eventstream v1.7.0/go.mod h1:/mXlTIVG9jbxkqDnr5UQNQxW1HRYxeGklkM9vAFeabg=
github.com/aws/aws-sdk-go-v2/config v1.27.35 h1:jeFgiWYNV0vrgdZqB4kZBjYNdy0IKkwrAjr2fwpHIig=
github.com/aws/aws-sdk-go-v2/config v1.27.35/go.mod h1:qnpEvTq8ZfjrCqmJGRfWZuF+lGZ/vG8LK2K0L/TY1gQ=
github.com/aws/aws-sdk-go-v2/credentials v1.17.33 h1:lBHAQQznENv0gLHAZ73ONiTSkCtr8q3pSqWrpbBBZz0=
github.com/aws/aws-sdk-go-v2/credentials v1.17.33/go.mod h1:MBuqCUOT3ChfLuxNDGyra67eskx7ge9e3YKYBce7wpI=
github.com/aws/aws-sdk-go-v2/feature/ec2/imds v1.16.13 h1:pfQ2sqNpMVK6xz2RbqLEL0GH87JOwSxPV2rzm8Zsb74=
github.com/aws/aws-sdk-go-v2/feature/ec2/imds v1.16.13/go.mod h1:NG7RXPUlqfsCLLFfi0+IpKN4sCB9D9fw/qTaSB+xRoU=
github.com/aws/aws-sdk-go-v2/internal/configsources v1.4.1 h1:ksZXBYv80EFTcgc8OJO48aQ8XDWXIQL7gGasPeCoTzI=
github.com/aws/aws-sdk-go-v2/internal/configsources v1.4.1/go.mod h1:HSksQyyJETVZS7uM54cir0IgxttTD+8aEoJMPGepHBI=
github.com/aws/aws-sdk-go-v2/internal/endpoints/v2 v2.7.1 h1:+dn/xF/05utS7tUhjIcndbuaPjfll2LhbH1cCDGLYUQ=
github.com/aws/aws-sdk-go-v2/internal/endpoints/v2 v2.7.1/go.mod h1:hyAGz30LHdm5KBZDI58MXx5lDVZ5CUfvfTZvMu4HCZo=
github.com/aws/aws-sdk-go-v2/internal/ini v1.8.1 h1:VaRN3TlFdd6KxX1x3ILT5ynH6HvKgqdiXoTxAF4HQcQ=
github.com/aws/aws-sdk-go-v2/internal/ini v1.8.1/go.mod h1:FbtygfRFze9usAadmnGJNc8KsP346kEe+y2/oyhGAGc=
github.com/aws/aws-sdk-go-v2/internal/v4a v1.3.21 h1:7edmS3VOBDhK00b/MwGtGglCm7hhwNYnjJs/PgFdMQE=
github.com/aws/aws-sdk-go-v2/internal/v4a v1.3.21/go.mod h1:Q9o5h4HoIWG8XfzxqiuK/CGUbepCJ8uTlaE3bAbxytQ=
github.com/aws/aws-sdk-go-v2/service/accessanalyzer v1.41.1 h1:sHIsHhoZZSZkInpvgMzfvUVkf/yeiRam8DNu9090gEE=
github.com/aws/aws-sdk-go-v2/service/accessanalyzer v1.41.1/go.mod h1:8P/8gmNo2309Bc0hyBS2EX0M3MRzhzbiRSXGp1MfcIE=
github.com/aws/aws-sdk-go-v2/service/account v1.25.0 h1:WsqNcDLJSGTvbp0mCaJZanu2FIi3cMIaxNuSzUJmTy4=
github.com/aws/aws-sdk-go-v2/service/account v1.25.0/go.mod h1:jLDspJe2W3pZ5ztW1Bx2xGTw6p70UQrV9N6TWj38MMo=
github.com/aws/aws-sdk-go-v2/service/acm v1.34.0 h1:lx2iQesjev9XicFzktUExyuh9X72gG7mIS+2TbUewWE=
github.com/aws/aws-sdk-go-v2/service/acm v1.34.0/go.mod h1:4qajh/qxIwI/kyo5Fd3mrPOue15GBp4RcT0kr9ijN4g=
github.com/aws/aws-sdk-go-v2/service/apigatewayv2 v1.29.0 h1:YMZAqn1PlVNm/1zsKIV5bllU2+dhKzy6bIsmYtUz83w=
github.com/aws/aws-sdk-go-v2/service/apigatewayv2 v1.29.0/go.mod h1:rQLiNC1RHIJAb+WI5QYg4cK9zu/LCE25vK5hrbZQCCE=
github.com/aws/aws-sdk-go-v2/service/appstream v1.46.0 h1:/X5meto+RCnggbkRMmBtd8kBK7oHT1uBEBQ2lEliDZo=
github.com/aws/aws-sdk-go-v2/service/appstream v1.46.0/go.mod h1:SVsRtEHMs12akMPFckO9wsOzPPpVEjRGjmaW26FhuhM=
github.com/aws/aws-sdk-go-v2/service/autoscaling v1.54.1 h1:DsCwHidm3y19FV7h/UEylDDxiv+PFoztdMTToYkdMn8=
github.com/aws/aws-sdk-go-v2/service/autoscaling v1.54.1/go.mod h1:MYX+s3uV5xD2kg17cZQtohCkMHzb4EbJk+yaE2cncH0=
github.com/aws/aws-sdk-go-v2/service/cloudformation v1.61.1 h1:t9EwcqNID5cS1y/g2jw44bVYfJghP7wQQ70BbRp8ozY=
github.com/aws/aws-sdk-go-v2/service/cloudformation v1.61.1/go.mod h1:JBwXLVtXHzGnIhlwZM2siaP0ezhVgMzGUxCOxMoJ10I=
github.com/aws/aws-sdk-go-v2/service/cloudfront v1.41.1 h1:PsYy6WiqB92iSh5f2oL8gKc19sBpoOdEqXtegWVtuZ0=
github.com/aws/aws-sdk-go-v2/service/cloudfront v1.41.1/go.mod h1:KC7JSdRScZQpZJDJp4ze9elsg8QIWIoABjmCzDS4rtg=
github.com/aws/aws-sdk-go-v2/service/cloudtrail v1.49.4 h1:A0rvb7JdUw0YgjNrVbs3ZB8aklwQVgJLCcJ0j0oFnpc=
github.com/aws/aws-sdk-go-v2/service/cloudtrail v1.49.4/go.mod h1:XaaXDmDC31kF9fEv0SiFr0g1WQ4dBMGaJvbl80kBxd8=
github.com/aws/aws-sdk-go-v2/service/cloudwatch v1.45.4 h1:0uWgUHILgrSF/Gx9Of+Sx6r97A1L9tx0ghTsdhxwcN8=
github.com/aws/aws-sdk-go-v2/service/cloudwatch v1.45.4/go.mod h1:pad4tIMdDzdRqCPkJ1Oxlf1J8NRo0Tud2OY11gsBEOo=
github.com/aws/aws-sdk-go-v2/service/cloudwatchlogs v1.54.0 h1:YBaZkj6OnJvSPKMPMOhhEk3mGq0UzYtvCnEEXk93jko=
github.com/aws/aws-sdk-go-v2/service/cloudwatchlogs v1.54.0/go.mod h1:JGvzarQ8vyLLmajh2eV3lfS/BrOE32ryCgEh6mwDGnc=
github.com/aws/aws-sdk-go-v2/service/cognitoidentity v1.30.1 h1:NB1+cWutptq+UHLSodvhdhNw8mSf3L2slhysVs5HCh8=
github.com/aws/aws-sdk-go-v2/service/cognitoidentity v1.30.1/go.mod h1:nPuM/gz996X+i7RSnw1LNdaP9NFBMgEpamx6YB2mrQQ=
github.com/aws/aws-sdk-go-v2/service/cognitoidentityprovider v1.54.1 h1:QS+vL4FEdHfs7wSGj7SQJZmbk3m7SMzNI3uluL8KMwU=
github.com/aws/aws-sdk-go-v2/service/cognitoidentityprovider v1.54.1/go.mod h1:gdYsfThKvm9P3PAqtXR9Lx4up/w83eKGCW0myw5s5wI=
github.com/aws/aws-sdk-go-v2/service/configservice v1.53.1 h1:OOs/qP85+2yNmx9oPmTj0kvw+QZQjQAlQFxgZiLbxRU=
github.com/aws/aws-sdk-go-v2/service/configservice v1.53.1/go.mod h1:NFUJlgaWRCcQfVXzGOlRA1W4U6Oq6HcW7Q4f2pBH+6U=
github.com/aws/aws-sdk-go-v2/service/dynamodb v1.44.1 h1:UoEWyfuQ/yNOuDENk5nn+AgNCH2Y5yzQEv6YbTyhIV8=
github.com/aws/aws-sdk-go-v2/service/dynamodb v1.44.1/go.mod h1:K1I47BjiTRX00pBxfJLYK80QFRcf6blev2wbjgC5Cyc=
github.com/aws/aws-sdk-go-v2/service/ec2 v1.237.0 h1:XHE2G+yaDQql32FZt19QmQt4WuisqQJIkMUSCxeCUl8=
github.com/aws/aws-sdk-go-v2/service/ec2 v1.237.0/go.mod h1:t11/j/nH9i6bbsPH9xc04BJOsV2nVPUqrB67/TLDsyM=
github.com/aws/aws-sdk-go-v2/service/ecr v1.36.6 h1:zg+3FGHA0PBs0KM25qE/rOf2o5zsjNa1g/Qq83+SDI0=
github.com/aws/aws-sdk-go-v2/service/ecr v1.36.6/go.mod h1:ZSq54Z9SIsOTf1Efwgw1msilSs4XVEfVQiP9nYVnKpM=
github.com/aws/aws-sdk-go-v2/service/ecs v1.60.1 h1:AsxK/ozpxjdYeZpdayHHt0GKW4zzJkQzJvDanYS8lvo=
github.com/aws/aws-sdk-go-v2/service/ecs v1.60.1/go.mod h1:pdlaA4blEEJRmelr7ZhfecQ5gPPNvdeBfDzUZrfiGGI=
github.com/aws/aws-sdk-go-v2/service/efs v1.33.6 h1:pMtBxU6mbEw4lfzue+8dWUZ//bf99POQTOxHbFHlm5Y=
github.com/aws/aws-sdk-go-v2/service/efs v1.33.6/go.mod h1:WBUkzX6kKt36+zyeTQYxySd0TPuvNQhNWG6vRrNBzJw=
github.com/aws/aws-sdk-go-v2/service/eks v1.66.2 h1:gDvxe1rFYhU9sfA/S8TePGE7gfC0vB9pCs6B4zbm5Ng=
github.com/aws/aws-sdk-go-v2/service/eks v1.66.2/go.mod h1:lpcShMkoQ94JiSVoEF1yE2WP40IV02bbnaT6oYP7cQo=
github.com/aws/aws-sdk-go-v2/service/elasticache v1.44.0 h1:Fyzf7cqohTLamP8kht9xvkMJT3HXmz0IQGdRMk1tdJk=
github.com/aws/aws-sdk-go-v2/service/elasticache v1.44.0/go.mod h1:yx9zxw7KuLQoIdf0ajFjNhsIve273fJDMmF/BprT8Vc=
github.com/aws/aws-sdk-go-v2/service/elasticloadbalancing v1.28.2 h1:+/eG+yT9FrwU5c4/9Mv8tAwvK1j/y9YAviBorLmX8kM=
github.com/aws/aws-sdk-go-v2/service/elasticloadbalancing v1.28.2/go.mod h1:nm9N+f+q+SfuI7a+Aex//PdsBpwtX6LvffMVKJXNPBE=
github.com/aws/aws-sdk-go-v2/service/elasticloadbalancingv2 v1.38.2 h1:0pVeGkp7MqM3k3Il75hA6xI2USdkjaUv58SXJwvFIGY=
github.com/aws/aws-sdk-go-v2/service/elasticloadbalancingv2 v1.38.2/go.mod h1:V/sx2Ja18AlrvTGQsilx8CAH0CPm+hpKdT9RbSpceik=
github.com/aws/aws-sdk-go-v2/service/fms v1.41.1 h1:b+ol8ooL9qFSVulRN7gT7LMPbCeSXYhS5irfU3U+gJU=
github.com/aws/aws-sdk-go-v2/service/fms v1.41.1/go.mod h1:H7I1xzO0zfGnTGLO5KxdFi3Sv2aHBm/LSEt/ECnMTbE=
github.com/aws/aws-sdk-go-v2/service/fsx v1.49.6 h1:dgI1m+My7Se4SpgSLJ3oIaNQDvwTHUNdjLjq7vPgJjo=
github.com/aws/aws-sdk-go-v2/service/fsx v1.49.6/go.mod h1:MV66g+vJERlW3JmnDD0fGwJHkCQ13iAhACBUUsG9Fbg=
github.com/aws/aws-sdk-go-v2/service/guardduty v1.57.1 h1:4rzssj/emG4rrJjZMAPjDlhzv//rlBnBdnSFQDY+5Ik=
github.com/aws/aws-sdk-go-v2/service/guardduty v1.57.1/go.mod h1:2a54usyseiRzpNF0096JrOk/IOetYI6Z9IZpC6HJma4=
github.com/aws/aws-sdk-go-v2/service/iam v1.38.1 h1:hfkzDZHBp9jAT4zcd5mtqckpU4E3Ax0LQaEWWk1VgN8=
github.com/aws/aws-sdk-go-v2/service/iam v1.38.1/go.mod h1:u36ahDtZcQHGmVm/r+0L1sfKX4fzLEMdCqiKRKkUMVM=
github.com/aws/aws-sdk-go-v2/service/inspector2 v1.39.1 h1:Uj4kFuhdRozJwkKtDx6lpSpu374B4zUeLAgRCrE6RRg=
github.com/aws/aws-sdk-go-v2/service/inspector2 v1.39.1/go.mod h1:Go5fLgTjY0qKiAVTvcS+nlYH0pHa5IAETQPsoYM/3WY=
github.com/aws/aws-sdk-go-v2/service/internal/accept-encoding v1.13.0 h1:6+lZi2JeGKtCraAj1rpoZfKqnQ9SptseRZioejfUOLM=
github.com/aws/aws-sdk-go-v2/service/internal/accept-encoding v1.13.0/go.mod h1:eb3gfbVIxIoGgJsi9pGne19dhCBpK6opTYpQqAmdy44=
github.com/aws/aws-sdk-go-v2/service/internal/checksum v1.4.2 h1:4FMHqLfk0efmTqhXVRL5xYRqlEBNBiRI7N6w4jsEdd4=
github.com/aws/aws-sdk-go-v2/service/internal/checksum v1.4.2/go.mod h1:LWoqeWlK9OZeJxsROW2RqrSPvQHKTpp69r/iDjwsSaw=
github.com/aws/aws-sdk-go-v2/service/internal/endpoint-discovery v1.10.18 h1:QnGWwpTiazs1Y74RwA8VUfAtKuJQbnQ98DBFnSywj0s=
github.com/aws/aws-sdk-go-v2/service/internal/endpoint-discovery v1.10.18/go.mod h1:gWOI6Vb0Bbmsi0Ejvtt3RkwKpdoa/SOYTVUlzqYPRLc=
github.com/aws/aws-sdk-go-v2/service/internal/presigned-url v1.13.0 h1:eRhU3Sh8dGbaniI6B+I48XJMrTPRkK4DKo+vqIxziOU=
github.com/aws/aws-sdk-go-v2/service/internal/presigned-url v1.13.0/go.mod h1:paNLV18DZ6FnWE/bd06RIKPDIFpjuvCkGKWTG/GDBeM=
github.com/aws/aws-sdk-go-v2/service/internal/s3shared v1.18.2 h1:t7iUP9+4wdc5lt3E41huP+GvQZJD38WLsgVp4iOtAjg=
github.com/aws/aws-sdk-go-v2/service/internal/s3shared v1.18.2/go.mod h1:/niFCtmuQNxqx9v8WAPq5qh7EH25U4BF6tjoyq9bObM=
github.com/aws/aws-sdk-go-v2/service/kms v1.41.3 h1:P0mjq/4mqTRA8SlS/4jL946RBW287kkKI/fazTTDJ3E=
github.com/aws/aws-sdk-go-v2/service/kms v1.41.3/go.mod h1:79gw7fH6dqzJz3a5qwDnQv5GDPs8b6eJIb9hJ+/c/YU=
github.com/aws/aws-sdk-go-v2/service/lambda v1.73.0 h1:5rog6aSAcNved2uO45dU+Xeag3UJKfhLJlQi9tjz7h4=
github.com/aws/aws-sdk-go-v2/service/lambda v1.73.0/go.mod h1:JE2aLHT2ZIj9Ep5mBJ9jWUnrce6twtmVsWIbuGFL4xg=
github.com/aws/aws-sdk-go-v2/service/macie2 v1.46.1 h1:KEtnVAAkIZZ8/G6IKWxyaGKQBMaq9HetTD0QvPfcO4g=
github.com/aws/aws-sdk-go-v2/service/macie2 v1.46.1/go.mod h1:yMp0gljSvRon61sIkFuvhEocyO/YhPgCkwC/BR9t02k=
github.com/aws/aws-sdk-go-v2/service/networkfirewall v1.52.1 h1:iMxoDME9qFjS6TOIYE99yC1ocnYfd1Rw8IMvgbZJBfo=
github.com/aws/aws-sdk-go-v2/service/networkfirewall v1.52.1/go.mod h1:k2KrxH4IGJZsA6VI8CsTx+mGKEkxpbXLRl9XKTcqE2I=
github.com/aws/aws-sdk-go-v2/service/opensearch v1.49.0 h1:OF/8+8L9jZSnIFKC7G/I7d0FnWylckLWJ2T+rWpqnZI=
github.com/aws/aws-sdk-go-v2/service/opensearch v1.49.0/go.mod h1:2MLCxAIIw9nb59dvYANZHyhoiOMaajJtKlBqvnyWg0c=
github.com/aws/aws-sdk-go-v2/service/rds v1.90.0 h1:Lg3GkzGkgqY03qsLSXPFyxW59t/lSoXaK9SWa8EKCiI=
github.com/aws/aws-sdk-go-v2/service/rds v1.90.0/go.mod h1:h2jc7IleH3xHY7y+h8FH7WAZcz3IVLOB6/jXotIQ/qU=
github.com/aws/aws-sdk-go-v2/service/route53 v1.46.2 h1:wmt05tPp/CaRZpPV5B4SaJ5TwkHKom07/BzHoLdkY1o=
github.com/aws/aws-sdk-go-v2/service/route53 v1.46.2/go.mod h1:d+K9HESMpGb1EU9/UmmpInbGIUcAkwmcY6ZO/A3zZsw=
github.com/aws/aws-sdk-go-v2/service/route53domains v1.27.6 h1:V05BVZkF8PlS+7mv/mZbg+RTosgot+/vbC/GjD/O6+I=
github.com/aws/aws-sdk-go-v2/service/route53domains v1.27.6/go.mod h1:qi5Gro08MCfHLMycebAQWfHotdcpDzzPE3lwYSdQDHA=
github.com/aws/aws-sdk-go-v2/service/s3 v1.66.0 h1:xA6XhTF7PE89BCNHJbQi8VvPzcgMtmGC5dr8S8N7lHk=
github.com/aws/aws-sdk-go-v2/service/s3 v1.66.0/go.mod h1:cB6oAuus7YXRZhWCc1wIwPywwZ1XwweNp2TVAEGYeB8=
github.com/aws/aws-sdk-go-v2/service/secretsmanager v1.36.0 h1:kDac/4Lmh6ErC8tE8JJ+Z6xiwhcIEpiHEG//7XJuY3M=
github.com/aws/aws-sdk-go-v2/service/secretsmanager v1.36.0/go.mod h1:JWcrmzDG74XgnKxTdbaCPl5q4H4ijv6+XCk4VhHBEUw=
github.com/aws/aws-sdk-go-v2/service/securityhub v1.59.1 h1:q/3LLpo4PcoM2GUTyE1GMiEtDekkuKjtqD9mw6K+g2s=
github.com/aws/aws-sdk-go-v2/service/securityhub v1.59.1/go.mod h1:vZ92NituujfniQ/4SuNBn87qTvD2mNreUhaR3Kscm8U=
github.com/aws/aws-sdk-go-v2/service/sns v1.34.8 h1:8o7NvBkjmMaX1Cv4vztOx83aFDV6uiU8VM9pTVochng=
github.com/aws/aws-sdk-go-v2/service/sns v1.34.8/go.mod h1:FjsDzsEw55AFHFERIaeE82KqpwA2GUYhtA7yvcVCHnM=
github.com/aws/aws-sdk-go-v2/service/sqs v1.39.0 h1:i/RufAS5Qy+fEMF9A/PpIBXCtu1otrrGLlI3V3a2+ko=
github.com/aws/aws-sdk-go-v2/service/sqs v1.39.0/go.mod h1:d+t4DavxGo524hNXZugRjOmnofs+NKW2tu43KMzo+rQ=
github.com/aws/aws-sdk-go-v2/service/sso v1.22.8 h1:JRwuL+S1Qe1owZQoxblV7ORgRf2o0SrtzDVIbaVCdQ0=
github.com/aws/aws-sdk-go-v2/service/sso v1.22.8/go.mod h1:eEygMHnTKH/3kNp9Jr1n3PdejuSNcgwLe1dWgQtO0VQ=
github.com/aws/aws-sdk-go-v2/service/ssooidc v1.26.8 h1:+HpGETD9463PFSj7lX5+eq7aLDs85QUIA+NBkeAsscA=
github.com/aws/aws-sdk-go-v2/service/ssooidc v1.26.8/go.mod h1:bCbAxKDqNvkHxRaIMnyVPXPo+OaPRwvmgzMxbz1VKSA=
github.com/aws/aws-sdk-go-v2/service/sts v1.30.8 h1:bAi+4p5EKnni+jrfcAhb7iHFQ24bthOAV9t0taf3DCE=
github.com/aws/aws-sdk-go-v2/service/sts v1.30.8/go.mod h1:NXi1dIAGteSaRLqYgarlhP/Ij0cFT+qmCwiJqWh/U5o=
github.com/aws/aws-sdk-go-v2/service/wafv2 v1.55.5 h1:Fqt5dudTu1FxJXxrcLxKmnSPVuOV5qYyONUWXEeEU0g=
github.com/aws/aws-sdk-go-v2/service/wafv2 v1.55.5/go.mod h1:SGymgXOuZBAnbdEO2NAPUHOXU2swMyT0+nHD1VlNxhk=
github.com/aws/smithy-go v1.22.5 h1:P9ATCXPMb2mPjYBgueqJNCA5S9UfktsW0tTxi+a7eqw=
github.com/aws/smithy-go v1.22.5/go.mod h1:t1ufH5HMublsJYulve2RKmHDC15xu1f26kHCp/HgceI=
github.com/cpuguy83/go-md2man/v2 v2.0.4/go.mod h1:tgQtvFlXSQOSOSIRvRPT7W67SCa46tRHOmNcaadrF8o=
github.com/davecgh/go-spew v1.1.0/go.mod h1:J7Y8YcW2NihsgmVo/mv3lAwl/skON4iLHjSsI+c5H38=
github.com/davecgh/go-spew v1.1.1/go.mod h1:J7Y8YcW2NihsgmVo/mv3lAwl/skON4iLHjSsI+c5H38=
github.com/davecgh/go-spew v1.1.2-0.20180830191138-d8f796af33cc h1:U9qPSI2PIWSS1VwoXQT9A3Wy9MM3WgvqSxFWenqJduM=
github.com/davecgh/go-spew v1.1.2-0.20180830191138-d8f796af33cc/go.mod h1:J7Y8YcW2NihsgmVo/mv3lAwl/skON4iLHjSsI+c5H38=
github.com/frankban/quicktest v1.14.6 h1:7Xjx+VpznH+oBnejlPUj8oUpdxnVs4f8XU8WnHkI4W8=
github.com/frankban/quicktest v1.14.6/go.mod h1:4ptaffx2x8+WTWXmUCuVU6aPUX1/Mz7zb5vbUoiM6w0=
github.com/fsnotify/fsnotify v1.7.0 h1:8JEhPFa5W2WU7YfeZzPNqzMP6Lwt7L2715Ggo0nosvA=
github.com/fsnotify/fsnotify v1.7.0/go.mod h1:40Bi/Hjc2AVfZrqy+aj+yEI+/bRxZnMJyTJwOpGvigM=
github.com/go-ole/go-ole v1.2.6 h1:/Fpf6oFPoeFik9ty7siob0G6Ke8QvQEuVcuChpwXzpY=
github.com/go-ole/go-ole v1.2.6/go.mod h1:pprOEPIfldk/42T2oK7lQ4v4JSDwmV0As9GaiUsvbm0=
github.com/google/go-cmp v0.5.6/go.mod h1:v8dTdLbMG2kIc/vJvl+f65V22dbkXbowE6jgT/gNBxE=
github.com/google/go-cmp v0.5.9/go.mod h1:17dUlkBOakJ0+DkrSSNjCkIjxS6bF9zb3elmeNGIjoY=
github.com/google/go-cmp v0.6.0 h1:ofyhxvXcZhMsU5ulbFiLKl/XBFqE1GSq7atu8tAmTRI=
github.com/google/go-cmp v0.6.0/go.mod h1:17dUlkBOakJ0+DkrSSNjCkIjxS6bF9zb3elmeNGIjoY=
github.com/google/uuid v1.6.0 h1:NIvaJDMOsjHA8n1jAhLSgzrAzy1Hgr+hNrb57e+94F0=
github.com/google/uuid v1.6.0/go.mod h1:TIyPZe4MgqvfeYDBFedMoGGpEw/LqOeaOT+nhxU+yHo=
github.com/hashicorp/hcl v1.0.0 h1:0Anlzjpi4vEasTeNFn2mLJgTSwt0+6sfsiTG8qcWGx4=
github.com/hashicorp/hcl v1.0.0/go.mod h1:E5yfLk+7swimpb2L/Alb/PJmXilQ/rhwaUYs4T20WEQ=
github.com/inconshreveable/mousetrap v1.1.0 h1:wN+x4NVGpMsO7ErUn/mUI3vEoE6Jt13X2s0bqwp9tc8=
github.com/inconshreveable/mousetrap v1.1.0/go.mod h1:vpF70FUmC8bwa3OWnCshd2FqLfsEA9PFc4w1p2J65bw=
github.com/jmespath/go-jmespath v0.4.0 h1:BEgLn5cpjn8UN1mAw4NjwDrS35OdebyEtFe+9YPoQUg=
github.com/jmespath/go-jmespath v0.4.0/go.mod h1:T8mJZnbsbmF+m6zOOFylbeCJqk5+pHWvzYPziyZiYoo=
github.com/jmespath/go-jmespath/internal/testify v1.5.1 h1:shLQSRRSCCPj3f2gpwzGwWFoC7ycTf1rcQZHOlsJ6N8=
github.com/jmespath/go-jmespath/internal/testify v1.5.1/go.mod h1:L3OGu8Wl2/fWfCI6z80xFu9LTZmf1ZRjMHUOPmWr69U=
github.com/kr/pretty v0.3.1 h1:flRD4NNwYAUpkphVc1HcthR4KEIFJ65n8Mw5qdRn3LE=
github.com/kr/pretty v0.3.1/go.mod h1:hoEshYVHaxMs3cyo3Yncou5ZscifuDolrwPKZanG3xk=
github.com/kr/text v0.2.0 h1:5Nx0Ya0ZqY2ygV366QzturHI13Jq95ApcVaJBhpS+AY=
github.com/kr/text v0.2.0/go.mod h1:eLer722TekiGuMkidMxC/pM04lWEeraHUUmBw8l2grE=
github.com/lufia/plan9stats v0.0.0-20211012122336-39d0f177ccd0 h1:6E+4a0GO5zZEnZ81pIr0yLvtUWk2if982qA3F3QD6H4=
github.com/lufia/plan9stats v0.0.0-20211012122336-39d0f177ccd0/go.mod h1:zJYVVT2jmtg6P3p1VtQj7WsuWi/y4VnjVBn7F8KPB3I=
github.com/magiconair/properties v1.8.7 h1:IeQXZAiQcpL9mgcAe1Nu6cX9LLw6ExEHKjN0VQdvPDY=
github.com/magiconair/properties v1.8.7/go.mod h1:Dhd985XPs7jluiymwWYZ0G4Z61jb3vdS329zhj2hYo0=
github.com/mitchellh/mapstructure v1.5.0 h1:jeMsZIYE/09sWLaz43PL7Gy6RuMjD2eJVyuac5Z2hdY=
github.com/mitchellh/mapstructure v1.5.0/go.mod h1:bFUtVrKA4DC2yAKiSyO/QUcy7e+RRV2QTWOzhPopBRo=
github.com/niemeyer/pretty v0.0.0-20200227124842-a10e7caefd8e h1:fD57ERR4JtEqsWbfPhv4DMiApHyliiK5xCTNVSPiaAs=
github.com/niemeyer/pretty v0.0.0-20200227124842-a10e7caefd8e/go.mod h1:zD1mROLANZcx1PVRCS0qkT7pwLkGfwJo4zjcN/Tysno=
github.com/pelletier/go-toml/v2 v2.2.2 h1:aYUidT7k73Pcl9nb2gScu7NSrKCSHIDE89b3+6Wq+LM=
github.com/pelletier/go-toml/v2 v2.2.2/go.mod h1:1t835xjRzz80PqgE6HHgN2JOsmgYu/h4qDAS4n929Rs=
github.com/pmezard/go-difflib v1.0.0/go.mod h1:iKH77koFhYxTK1pcRnkKkqfTogsbg7gZNVY4sRDYZ/4=
github.com/pmezard/go-difflib v1.0.1-0.20181226105442-5d4384ee4fb2 h1:Jamvg5psRIccs7FGNTlIRMkT8wgtp5eCXdBlqhYGL6U=
github.com/pmezard/go-difflib v1.0.1-0.20181226105442-5d4384ee4fb2/go.mod h1:iKH77koFhYxTK1pcRnkKkqfTogsbg7gZNVY4sRDYZ/4=
github.com/power-devops/perfstat v0.0.0-20210106213030-5aafc221ea8c h1:ncq/mPwQF4JjgDlrVEn3C11VoGHZN7m8qihwgMEtzYw=
github.com/power-devops/perfstat v0.0.0-20210106213030-5aafc221ea8c/go.mod h1:OmDBASR4679mdNQnz2pUhc2G8CO2JrUAVFDRBDP/hJE=
github.com/robfig/cron/v3 v3.0.1 h1:WdRxkvbJztn8LMz/QEvLN5sBU+xKpSqwwUO1Pjr4qDs=
github.com/robfig/cron/v3 v3.0.1/go.mod h1:eQICP3HwyT7UooqI/z+Ov+PtYAWygg1TEWWzGIFLtro=
github.com/rogpeppe/go-internal v1.9.0 h1:73kH8U+JUqXU8lRuOHeVHaa/SZPifC7BkcraZVejAe8=
github.com/rogpeppe/go-internal v1.9.0/go.mod h1:WtVeX8xhTBvf0smdhujwtBcq4Qrzq/fJaraNFVN+nFs=
github.com/russross/blackfriday/v2 v2.1.0/go.mod h1:+Rmxgy9KzJVeS9/2gXHxylqXiyQDYRxCVz55jmeOWTM=
github.com/sagikazarmark/locafero v0.4.0 h1:HApY1R9zGo4DBgr7dqsTH/JJxLTTsOt7u6keLGt6kNQ=
github.com/sagikazarmark/locafero v0.4.0/go.mod h1:Pe1W6UlPYUk/+wc/6KFhbORCfqzgYEpgQ3O5fPuL3H4=
github.com/sagikazarmark/slog-shim v0.1.0 h1:diDBnUNK9N/354PgrxMywXnAwEr1QZcOr6gto+ugjYE=
github.com/sagikazarmark/slog-shim v0.1.0/go.mod h1:SrcSrq8aKtyuqEI1uvTDTK1arOWRIczQRv+GVI1AkeQ=
github.com/shirou/gopsutil/v3 v3.24.2 h1:kcR0erMbLg5/3LcInpw0X/rrPSqq4CDPyI6A6ZRC18Y=
github.com/shirou/gopsutil/v3 v3.24.2/go.mod h1:tSg/594BcA+8UdQU2XcW803GWYgdtauFFPgJCJKZlVk=
github.com/shoenig/go-m1cpu v0.1.6 h1:nxdKQNcEB6vzgA2E2bvzKIYRuNj7XNJ4S/aRSwKzFtM=
github.com/shoenig/go-m1cpu v0.1.6/go.mod h1:1JJMcUBvfNwpq05QDQVAnx3gUHr9IYF7GNg9SUEw2VQ=
github.com/shoenig/test v0.6.4 h1:kVTaSd7WLz5WZ2IaoM0RSzRsUD+m8wRR+5qvntpn4LU=
github.com/shoenig/test v0.6.4/go.mod h1:byHiCGXqrVaflBLAMq/srcZIHynQPQgeyvkvXnjqq0k=
github.com/sourcegraph/conc v0.3.0 h1:OQTbbt6P72L20UqAkXXuLOj79LfEanQ+YQFNpLA9ySo=
github.com/sourcegraph/conc v0.3.0/go.mod h1:Sdozi7LEKbFPqYX2/J+iBAM6HpqSLTASQIKqDmF7Mt0=
github.com/spf13/afero v1.11.0 h1:WJQKhtpdm3v2IzqG8VMqrr6Rf3UYpEF239Jy9wNepM8=
github.com/spf13/afero v1.11.0/go.mod h1:GH9Y3pIexgf1MTIWtNGyogA5MwRIDXGUr+hbWNoBjkY=
github.com/spf13/cast v1.6.0 h1:GEiTHELF+vaR5dhz3VqZfFSzZjYbgeKDpBxQVS4GYJ0=
github.com/spf13/cast v1.6.0/go.mod h1:ancEpBxwJDODSW/UG4rDrAqiKolqNNh2DX3mk86cAdo=
github.com/spf13/cobra v1.8.1 h1:e5/vxKd/rZsfSJMUX1agtjeTDf+qv1/JdBF8gg5k9ZM=
github.com/spf13/cobra v1.8.1/go.mod h1:wHxEcudfqmLYa8iTfL+OuZPbBZkmvliBWKIezN3kD9Y=
github.com/spf13/pflag v1.0.5 h1:iy+VFUOCP1a+8yFto/drg2CJ5u0yRoB7fZw3DKv/JXA=
github.com/spf13/pflag v1.0.5/go.mod h1:McXfInJRrz4CZXVZOBLb0bTZqETkiAhM9Iw0y3An2Bg=
github.com/spf13/viper v1.19.0 h1:RWq5SEjt8o25SROyN3z2OrDB9l7RPd3lwTWU8EcEdcI=
github.com/spf13/viper v1.19.0/go.mod h1:GQUN9bilAbhU/jgc1bKs99f/suXKeUMct8Adx5+Ntkg=
github.com/stretchr/objx v0.1.0/go.mod h1:HFkY916IF+rwdDfMAkV7OtwuqBVzrE8GR6GFx+wExME=
github.com/stretchr/objx v0.4.0/go.mod h1:YvHI0jy2hoMjB+UWwv71VJQ9isScKT/TqJzVSSt89Yw=
github.com/stretchr/objx v0.5.0/go.mod h1:Yh+to48EsGEfYuaHDzXPcE3xhTkx73EhmCGUpEOglKo=
github.com/stretchr/objx v0.5.2/go.mod h1:FRsXN1f5AsAjCGJKqEizvkpNtU+EGNCLh3NxZ/8L+MA=
github.com/stretchr/testify v1.7.1/go.mod h1:6Fq8oRcR53rry900zMqJjRRixrwX3KX962/h/Wwjteg=
github.com/stretchr/testify v1.8.0/go.mod h1:yNjHg4UonilssWZ8iaSj1OCr/vHnekPRkoO+kdMU+MU=
github.com/stretchr/testify v1.8.4/go.mod h1:sz/lmYIOXD/1dqDmKjjqLyZ2RngseejIcXlSw2iwfAo=
github.com/stretchr/testify v1.9.0 h1:HtqpIVDClZ4nwg75+f6Lvsy/wHu+3BoSGCbBAcpTsTg=
github.com/stretchr/testify v1.9.0/go.mod h1:r2ic/lqez/lEtzL7wO/rwa5dbSLXVDPFyf8C91i36aY=
github.com/subosito/gotenv v1.6.0 h1:9NlTDc1FTs4qu0DDq7AEtTPNw6SVm7uBMsUCUjABIf8=
github.com/subosito/gotenv v1.6.0/go.mod h1:Dk4QP5c2W3ibzajGcXpNraDfq2IrhjMIvMSWPKKo0FU=
github.com/tklauser/go-sysconf v0.3.12 h1:0QaGUFOdQaIVdPgfITYzaTegZvdCjmYO52cSFAEVmqU=
github.com/tklauser/go-sysconf v0.3.12/go.mod h1:Ho14jnntGE1fpdOqQEEaiKRpvIavV0hSfmBq8nJbHYI=
github.com/tklauser/numcpus v0.6.1 h1:ng9scYS7az0Bk4OZLvrNXNSAO2Pxr1XXRAPyjhIx+Fk=
github.com/tklauser/numcpus v0.6.1/go.mod h1:1XfjsgE2zo8GVw7POkMbHENHzVg3GzmoZ9fESEdAacY=
github.com/yalp/jsonpath v0.0.0-20180802001716-5cc68e5049a0 h1:6fRhSjgLCkTD3JnJxvaJ4Sj+TYblw757bqYgZaOq5ZY=
github.com/yalp/jsonpath v0.0.0-20180802001716-5cc68e5049a0/go.mod h1:/LWChgwKmvncFJFHJ7Gvn9wZArjbV5/FppcK2fKk/tI=
github.com/yusufpapurcu/wmi v1.2.4 h1:zFUKzehAFReQwLys1b/iSMl+JQGSCSjtVqQn9bBrPo0=
github.com/yusufpapurcu/wmi v1.2.4/go.mod h1:SBZ9tNy3G9/m5Oi98Zks0QjeHVDvuK0qfxQmPyzfmi0=
go.uber.org/goleak v1.3.0 h1:2K3zAYmnTNqV73imy9J1T3WC+gmCePx2hEGkimedGto=
go.uber.org/goleak v1.3.0/go.mod h1:CoHD4mav9JJNrW/WLlf7HGZPjdw8EucARQHekz1X6bE=
go.uber.org/multierr v1.10.0 h1:S0h4aNzvfcFsC3dRF1jLoaov7oRaKqRGC/pUEJ2yvPQ=
go.uber.org/multierr v1.10.0/go.mod h1:20+QtiLqy0Nd6FdQB9TLXag12DsQkrbs3htMFfDN80Y=
go.uber.org/zap v1.27.0 h1:aJMhYGrd5QSmlpLMr2MftRKl7t8J8PTZPA732ud/XR8=
go.uber.org/zap v1.27.0/go.mod h1:GB2qFLM7cTU87MWRP2mPIjqfIDnGu+VIO4V/SdhGo2E=
golang.org/x/exp v0.0.0-20230905200255-921286631fa9 h1:GoHiUyI/Tp2nVkLI2mCxVkOjsbSXD66ic0XW0js0R9g=
golang.org/x/exp v0.0.0-20230905200255-921286631fa9/go.mod h1:S2oDrQGGwySpoQPVqRShND87VCbxmc6bL1Yd2oYrm6k=
golang.org/x/sys v0.0.0-20190916202348-b4ddaad3f8a3/go.mod h1:h1NjWce9XRLGQEsW7wpKNCjG9DtNlClVuFLEZdDNbEs=
golang.org/x/sys v0.0.0-20201204225414-ed752295db88/go.mod h1:h1NjWce9XRLGQEsW7wpKNCjG9DtNlClVuFLEZdDNbEs=
golang.org/x/sys v0.8.0/go.mod h1:oPkhp1MJrh7nUepCBck5+mAzfO9JrbApNNgaTdGDITg=
golang.org/x/sys v0.11.0/go.mod h1:oPkhp1MJrh7nUepCBck5+mAzfO9JrbApNNgaTdGDITg=
golang.org/x/sys v0.17.0/go.mod h1:/VUhepiaJMQUp4+oa/7Zr1D23ma6VTLIYjOOTFZPUcA=
golang.org/x/sys v0.18.0 h1:DBdB3niSjOA/O0blCZBqDefyWNYveAYMNF1Wum0DYQ4=
golang.org/x/sys v0.18.0/go.mod h1:/VUhepiaJMQUp4+oa/7Zr1D23ma6VTLIYjOOTFZPUcA=
golang.org/x/text v0.14.0 h1:ScX5w1eTa3QqT8oi6+ziP7dTV1S2+ALU0bI+0zXKWiQ=
golang.org/x/text v0.14.0/go.mod h1:18ZOQIKpY8NJVqYksKHtTdi31H5itFRjB5/qKTNYzSU=
golang.org/x/xerrors v0.0.0-20191204190536-9bdfabe68543/go.mod h1:I/5z698sn9Ka8TeJc9MKroUUfqBBauWjQqLJ2OPfmY0=
gopkg.in/check.v1 v0.0.0-20161208181325-20d25e280405/go.mod h1:Co6ibVJAznAaIkqp8huTwlJQCZ016jof/cbN4VW5Yz0=
gopkg.in/check.v1 v1.0.0-20200227125254-8fa46927fb4f h1:BLraFXnmrev5lT+xlilqcH8XK9/i0At2xKjWk4p6zsU=
gopkg.in/check.v1 v1.0.0-20200227125254-8fa46927fb4f/go.mod h1:Co6ibVJAznAaIkqp8huTwlJQCZ016jof/cbN4VW5Yz0=
gopkg.in/ini.v1 v1.67.0 h1:Dgnx+6+nfE+IfzjUEISNeydPJh9AXNNsWbGP9KzCsOA=
gopkg.in/ini.v1 v1.67.0/go.mod h1:pNLf8WUiyNEtQjuu5G5vTm06TEv9tsIgeAvK8hOrP4k=
gopkg.in/natefinch/lumberjack.v2 v2.2.1 h1:bBRl1b0OH9s/DuPhuXpNl+VtCaJXFZ5/uEFST95x9zc=
gopkg.in/natefinch/lumberjack.v2 v2.2.1/go.mod h1:YD8tP3GAjkrDg1eZH7EGmyESg/lsYskCTPBJVb9jqSc=
gopkg.in/yaml.v2 v2.2.8 h1:obN1ZagJSUGI0Ek/LBmuj4SNLPfIny3KsKFopxRdj10=
gopkg.in/yaml.v2 v2.2.8/go.mod h1:hI93XBmqTisBFMUTm0b8Fm+jr3Dg1NNxqwp+5A1VGuI=
gopkg.in/yaml.v3 v3.0.0-20200313102051-9f266ea9e77c/go.mod h1:K4uyk7z7BCEPqu6E+C64Yfv1cQ7kz7rIZviUmN+EgEM=
gopkg.in/yaml.v3 v3.0.1 h1:fxVm/GzAzEWqLHuvctI91KS9hhNmmWOoWu0XTYJS7CA=
gopkg.in/yaml.v3 v3.0.1/go.mod h1:K4uyk7z7BCEPqu6E+C64Yfv1cQ7kz7rIZviUmN+EgEM=
